
Microsoft Visual Studio Solution File, Format Version 12.00
# Visual Studio Version 17
VisualStudioVersion = 17.10.35013.160
MinimumVisualStudioVersion = 10.0.40219.1
Project("{FAE04EC0-301F-11D3-BF4B-00C04F79EFBC}") = "20250915_MyFirstProjektOnGitHub", "20250915_MyFirstProjektOnGitHub.csproj", "{3C4C39B2-E22D-41CE-AED9-E8CA7BD3A857}"
EndProject
Global
	GlobalSection(SolutionConfigurationPlatforms) = preSolution
		Debug|Any CPU = Debug|Any CPU
		Release|Any CPU = Release|Any CPU
	EndGlobalSection
	GlobalSection(ProjectConfigurationPlatforms) = postSolution
		{3C4C39B2-E22D-41CE-AED9-E8CA7BD3A857}.Debug|Any CPU.ActiveCfg = Debug|Any CPU
		{3C4C39B2-E22D-41CE-AED9-E8CA7BD3A857}.Debug|Any CPU.Build.0 = Debug|Any CPU
		{3C4C39B2-E22D-41CE-AED9-E8CA7BD3A857}.Release|Any CPU.ActiveCfg = Release|Any CPU
		{3C4C39B2-E22D-41CE-AED9-E8CA7BD3A857}.Release|Any CPU.Build.0 = Release|Any CPU
	EndGlobalSection
	GlobalSection(SolutionProperties) = preSolution
		HideSolutionNode = FALSE
	EndGlobalSection
	GlobalSection(ExtensibilityGlobals) = postSolution
		SolutionGuid = {99670A5A-5434-4924-BD1E-4BB36CAE57D4}
	EndGlobalSection
EndGlobal
